
Microsoft Visual Studio Solution File, Format Version 11.00
# Visual Studio 2010
Project("{FAE04EC0-301F-11D3-BF4B-00C04F79EFBC}") = "Snake", "Snake\Snake\Snake.csproj", "{0F0FCF60-F2A7-43B9-A161-DFCCB9F2FAE4}"
EndProject
Project("{FAE04EC0-301F-11D3-BF4B-00C04F79EFBC}") = "SnakeContent", "Snake\SnakeContent\SnakeContent.contentproj", "{5D3E532F-2BAC-4B3A-AB02-2114532CCC13}"
EndProject
Global
	GlobalSection(SolutionConfigurationPlatforms) = preSolution
		Debug|x86 = Debug|x86
		Release|x86 = Release|x86
	EndGlobalSection
	GlobalSection(ProjectConfigurationPlatforms) = postSolution
		{0F0FCF60-F2A7-43B9-A161-DFCCB9F2FAE4}.Debug|x86.ActiveCfg = Debug|x86
		{0F0FCF60-F2A7-43B9-A161-DFCCB9F2FAE4}.Debug|x86.Build.0 = Debug|x86
		{0F0FCF60-F2A7-43B9-A161-DFCCB9F2FAE4}.Release|x86.ActiveCfg = Release|x86
		{0F0FCF60-F2A7-43B9-A161-DFCCB9F2FAE4}.Release|x86.Build.0 = Release|x86
		{5D3E532F-2BAC-4B3A-AB02-2114532CCC13}.Debug|x86.ActiveCfg = Debug|x86
		{5D3E532F-2BAC-4B3A-AB02-2114532CCC13}.Debug|x86.Build.0 = Debug|x86
		{5D3E532F-2BAC-4B3A-AB02-2114532CCC13}.Release|x86.ActiveCfg = Release|x86
	EndGlobalSection
	GlobalSection(SolutionProperties) = preSolution
		HideSolutionNode = FALSE
	EndGlobalSection
EndGlobal
